
Microsoft Visual Studio Solution File, Format Version 12.00
# Visual Studio Version 17
VisualStudioVersion = 17.9.34622.214
MinimumVisualStudioVersion = 10.0.40219.1
Project("{FAE04EC0-301F-11D3-BF4B-00C04F79EFBC}") = "AuctionService", "src\AuctionService\AuctionService.csproj", "{0BFA7EBA-ED8E-4C90-8F6B-C8E6E91D5FA9}"
EndProject
Global
	GlobalSection(SolutionConfigurationPlatforms) = preSolution
		Debug|Any CPU = Debug|Any CPU
		Release|Any CPU = Release|Any CPU
	EndGlobalSection
	GlobalSection(ProjectConfigurationPlatforms) = postSolution
		{0BFA7EBA-ED8E-4C90-8F6B-C8E6E91D5FA9}.Debug|Any CPU.ActiveCfg = Debug|Any CPU
		{0BFA7EBA-ED8E-4C90-8F6B-C8E6E91D5FA9}.Debug|Any CPU.Build.0 = Debug|Any CPU
		{0BFA7EBA-ED8E-4C90-8F6B-C8E6E91D5FA9}.Release|Any CPU.ActiveCfg = Release|Any CPU
		{0BFA7EBA-ED8E-4C90-8F6B-C8E6E91D5FA9}.Release|Any CPU.Build.0 = Release|Any CPU
	EndGlobalSection
	GlobalSection(SolutionProperties) = preSolution
		HideSolutionNode = FALSE
	EndGlobalSection
	GlobalSection(ExtensibilityGlobals) = postSolution
		SolutionGuid = {74214901-D266-4252-A41C-A013194781C0}
	EndGlobalSection
EndGlobal
